
Microsoft Visual Studio Solution File, Format Version 12.00
# Visual Studio 2013
Project("{FAE04EC0-301F-11D3-BF4B-00C04F79EFBC}") = "UnityVS.UtensilQuest.CSharp", "UnityVS.UtensilQuest.CSharp.csproj", "{DFD7D746-7557-48EE-E4CB-64BA39C15AAB}"
EndProject
Project("{FAE04EC0-301F-11D3-BF4B-00C04F79EFBC}") = "UnityVS.UtensilQuest.CSharp.Editor", "UnityVS.UtensilQuest.CSharp.Editor.csproj", "{22044220-8D06-EA67-ECA3-B6211A65CD5E}"
EndProject
Global
	GlobalSection(SolutionConfigurationPlatforms) = preSolution
		Debug|Any CPU = Debug|Any CPU
		Release|Any CPU = Release|Any CPU
	EndGlobalSection
	GlobalSection(ProjectConfigurationPlatforms) = postSolution
		{DFD7D746-7557-48EE-E4CB-64BA39C15AAB}.Debug|Any CPU.ActiveCfg = Debug|Any CPU
		{DFD7D746-7557-48EE-E4CB-64BA39C15AAB}.Debug|Any CPU.Build.0 = Debug|Any CPU
		{DFD7D746-7557-48EE-E4CB-64BA39C15AAB}.Release|Any CPU.ActiveCfg = Release|Any CPU
		{DFD7D746-7557-48EE-E4CB-64BA39C15AAB}.Release|Any CPU.Build.0 = Release|Any CPU
		{22044220-8D06-EA67-ECA3-B6211A65CD5E}.Debug|Any CPU.ActiveCfg = Debug|Any CPU
		{22044220-8D06-EA67-ECA3-B6211A65CD5E}.Debug|Any CPU.Build.0 = Debug|Any CPU
		{22044220-8D06-EA67-ECA3-B6211A65CD5E}.Release|Any CPU.ActiveCfg = Release|Any CPU
		{22044220-8D06-EA67-ECA3-B6211A65CD5E}.Release|Any CPU.Build.0 = Release|Any CPU
	EndGlobalSection
	GlobalSection(SolutionProperties) = preSolution
		HideSolutionNode = FALSE
	EndGlobalSection
EndGlobal
